<?xml version="1.0" encoding="utf-8"?>
<Project ToolsVersion="4.0" xmlns="http://schemas.microsoft.com/developer/msbuild/2003">
  <ItemGroup>
    <Filter Include="Source Files">
      <UniqueIdentifier>{4FC737F1-C7A5-4376-A066-2A32D752A2FF}</UniqueIdentifier>
      <Extensions>cpp;c;cc;cxx;c++;cppm;ixx;def;odl;idl;hpj;bat;asm;asmx</Extensions>
    </Filter>
    <Filter Include="Header Files">
      <UniqueIdentifier>{93995380-89BD-4b04-88EB-625FBE52EBFB}</UniqueIdentifier>
      <Extensions>h;hh;hpp;hxx;h++;hm;inl;inc;ipp;xsd</Extensions>
    </Filter>
    <Filter Include="Resource Files">
      <UniqueIdentifier>{67DA6AB6-F800-4c08-8B7A-83BB121AAD01}</UniqueIdentifier>
      <Extensions>rc;ico;cur;bmp;dlg;rc2;rct;bin;rgs;gif;jpg;jpeg;jpe;resx;tiff;tif;png;wav;mfcribbon-ms</Extensions>
    </Filter>
    <Filter Include="Kernels">
      <UniqueIdentifier>{5634aad4-45b2-4dd4-a9e6-1bb2f076e3a1}</UniqueIdentifier>
    </Filter>
    <Filter Include="includes">
      <UniqueIdentifier>{c0e4dbd9-6af6-4897-a800-4c00b493a9d3}</UniqueIdentifier>
    </Filter>
  </ItemGroup>
  <ItemGroup>
    <CudaCompile Include="hadmard.cu" />
    <CudaCompile Include="matmul.cu" />
    <CudaCompile Include="pauli_x.cu" />
    <CudaCompile Include="pauli_y.cu" />
    <CudaCompile Include="pauli_z.cu" />
    <CudaCompile Include="single_qubit.cu" />
    <CudaCompile Include="cnot.cu" />
    <CudaCompile Include="measure.cu" />
  </ItemGroup>
  <ItemGroup>
    <ClInclude Include="common.h">
      <Filter>includes</Filter>
    </ClInclude>
  </ItemGroup>
  <ItemGroup>
    <ClCompile Include="main.cpp" />
  </ItemGroup>
</Project>